# THIS IS AN AUTOGENERATED FILE. DO NOT EDIT THIS FILE DIRECTLY.
# yarn lockfile v1


"@getalby/lightning-tools@^6.0.0":
  version "6.1.0"
  resolved "https://registry.yarnpkg.com/@getalby/lightning-tools/-/lightning-tools-6.1.0.tgz#558b90a83b961cb6aa760e62de69f5b5ceeb2fe9"
  integrity sha512-rGurar9X4Gm+9xwoNYS8s9YLK7ZYqvbqv4KbHLYV0LEeB0HxZHRgmxblGqg+fYfp6iiYHx+edIgUpt9rS3VwFw==

"@getalby/lightning-tools@file:..":
  version "7.0.2"

"@getalby/sdk@^7.0.0":
  version "7.0.0"
  resolved "https://registry.yarnpkg.com/@getalby/sdk/-/sdk-7.0.0.tgz#6ab17f27bd9e762d383b70cfabd0cdeeded6bd53"
  integrity sha512-0c8gyvFbRDHZIgHmOD/dfyPukxZLeidx/hx7SXlMIS/hsx4mXpKpo9Gx1zW90buElnd3k9TVB/S/bnFSEZPE7w==
  dependencies:
    "@getalby/lightning-tools" "^6.0.0"
    nostr-tools "^2.17.0"

"@noble/ciphers@2.1.1":
  version "2.1.1"
  resolved "https://registry.yarnpkg.com/@noble/ciphers/-/ciphers-2.1.1.tgz#c8c74fcda8c3d1f88797d0ecda24f9fc8b92b052"
  integrity sha512-bysYuiVfhxNJuldNXlFEitTVdNnYUc+XNJZd7Qm2a5j1vZHgY+fazadNFWFaMK/2vye0JVlxV3gHmC0WDfAOQw==

"@noble/curves@2.0.1":
  version "2.0.1"
  resolved "https://registry.yarnpkg.com/@noble/curves/-/curves-2.0.1.tgz#64ba8bd5e8564a02942655602515646df1cdb3ad"
  integrity sha512-vs1Az2OOTBiP4q0pwjW5aF0xp9n4MxVrmkFBxc6EKZc6ddYx5gaZiAsZoq0uRRXWbi3AT/sBqn05eRPtn1JCPw==
  dependencies:
    "@noble/hashes" "2.0.1"

"@noble/hashes@2.0.1", "@noble/hashes@^2.0.1":
  version "2.0.1"
  resolved "https://registry.yarnpkg.com/@noble/hashes/-/hashes-2.0.1.tgz#fc1a928061d1232b0a52bb754393c37a5216c89e"
  integrity sha512-XlOlEbQcE9fmuXxrVTXCTlG2nlRXa9Rj3rr5Ue/+tX+nmkgbX720YHh0VR3hBF9xDvwnb8D2shVGOwNx+ulArw==

"@scure/base@2.0.0":
  version "2.0.0"
  resolved "https://registry.yarnpkg.com/@scure/base/-/base-2.0.0.tgz#ba6371fddf92c2727e88ad6ab485db6e624f9a98"
  integrity sha512-3E1kpuZginKkek01ovG8krQ0Z44E3DHPjc5S2rjJw9lZn3KSQOs8S7wqikF/AH7iRanHypj85uGyxk0XAyC37w==

"@scure/bip32@2.0.1":
  version "2.0.1"
  resolved "https://registry.yarnpkg.com/@scure/bip32/-/bip32-2.0.1.tgz#4ceea207cee8626d3fe8f0b6ab68b6af8f81c482"
  integrity sha512-4Md1NI5BzoVP+bhyJaY3K6yMesEFzNS1sE/cP+9nuvE7p/b0kx9XbpDHHFl8dHtufcbdHRUUQdRqLIPHN/s7yA==
  dependencies:
    "@noble/curves" "2.0.1"
    "@noble/hashes" "2.0.1"
    "@scure/base" "2.0.0"

"@scure/bip39@2.0.1":
  version "2.0.1"
  resolved "https://registry.yarnpkg.com/@scure/bip39/-/bip39-2.0.1.tgz#47a6dc15e04faf200041239d46ae3bb7c3c96add"
  integrity sha512-PsxdFj/d2AcJcZDX1FXN3dDgitDDTmwf78rKZq1a6c1P1Nan1X/Sxc7667zU3U+AN60g7SxxP0YCVw2H/hBycg==
  dependencies:
    "@noble/hashes" "2.0.1"
    "@scure/base" "2.0.0"

nostr-tools@^2.16.1, nostr-tools@^2.17.0:
  version "2.23.3"
  resolved "https://registry.yarnpkg.com/nostr-tools/-/nostr-tools-2.23.3.tgz#1a7501988b72499cf27c8f3951f00d11d9ac6025"
  integrity sha512-AALyt9k8xPdF4UV2mlLJ2mgCn4kpTB0DZ8t2r6wjdUh6anfx2cTVBsHUlo9U0EY/cKC5wcNyiMAmRJV5OVEalA==
  dependencies:
    "@noble/ciphers" "2.1.1"
    "@noble/curves" "2.0.1"
    "@noble/hashes" "2.0.1"
    "@scure/base" "2.0.0"
    "@scure/bip32" "2.0.1"
    "@scure/bip39" "2.0.1"
    nostr-wasm "0.1.0"

nostr-wasm@0.1.0:
  version "0.1.0"
  resolved "https://registry.yarnpkg.com/nostr-wasm/-/nostr-wasm-0.1.0.tgz#17af486745feb2b7dd29503fdd81613a24058d94"
  integrity sha512-78BTryCLcLYv96ONU8Ws3Q1JzjlAt+43pWQhIl86xZmWeegYCNLPml7yQ+gG3vR6V5h4XGj+TxO+SS5dsThQIA==
